
Microsoft Visual Studio Solution File, Format Version 12.00
# Visual Studio Version 17
VisualStudioVersion = 17.14.36511.14 d17.14
MinimumVisualStudioVersion = 10.0.40219.1
Project("{FAE04EC0-301F-11D3-BF4B-00C04F79EFBC}") = "GitConflictDemo", "GitConflictDemo\GitConflictDemo.csproj", "{8984FA6B-A91A-4287-9121-8B9E793D7AF0}"
EndProject
Global
	GlobalSection(SolutionConfigurationPlatforms) = preSolution
		Debug|Any CPU = Debug|Any CPU
		Release|Any CPU = Release|Any CPU
	EndGlobalSection
	GlobalSection(ProjectConfigurationPlatforms) = postSolution
		{8984FA6B-A91A-4287-9121-8B9E793D7AF0}.Debug|Any CPU.ActiveCfg = Debug|Any CPU
		{8984FA6B-A91A-4287-9121-8B9E793D7AF0}.Debug|Any CPU.Build.0 = Debug|Any CPU
		{8984FA6B-A91A-4287-9121-8B9E793D7AF0}.Release|Any CPU.ActiveCfg = Release|Any CPU
		{8984FA6B-A91A-4287-9121-8B9E793D7AF0}.Release|Any CPU.Build.0 = Release|Any CPU
	EndGlobalSection
	GlobalSection(SolutionProperties) = preSolution
		HideSolutionNode = FALSE
	EndGlobalSection
	GlobalSection(ExtensibilityGlobals) = postSolution
		SolutionGuid = {0B8EFF34-FDEE-42EF-96C1-CB3453C1CCD7}
	EndGlobalSection
EndGlobal
